PODS:
  - Flutter (1.0.0)
  - MSAL (1.1.18):
    - MSAL/app-lib (= 1.1.18)
  - MSAL/app-lib (1.1.18)
  - msal_flutter (1.0.0):
    - Flutter
    - MSAL (~> 1.1.18)

DEPENDENCIES:
  - Flutter (from `Flutter`)
  - msal_flutter (from `.symlinks/plugins/msal_flutter/ios`)

SPEC REPOS:
  trunk:
    - MSAL

EXTERNAL SOURCES:
  Flutter:
    :path: Flutter
  msal_flutter:
    :path: ".symlinks/plugins/msal_flutter/ios"

SPEC CHECKSUMS:
  Flutter: 434fef37c0980e73bb6479ef766c45957d4b510c
  MSAL: 048eea7160a7b8960a2359ac9135e098ec58ad34
  msal_flutter: 35fa658eb67255cd46140cd671ffca1ce714fac8

PODFILE CHECKSUM: fc81e398f362bae88bdf55239bd5cf842faad39f

COCOAPODS: 1.10.1
