PODS:
  - Flutter (1.0.0)
  - MSAL (1.0.3):
    - MSAL/app-lib (= 1.0.3)
  - MSAL/app-lib (1.0.3)
  - msal_flutter (1.0.0):
    - Flutter
    - MSAL (~> 1.0.3)

DEPENDENCIES:
  - Flutter (from `Flutter`)
  - msal_flutter (from `.symlinks/plugins/msal_flutter/ios`)

SPEC REPOS:
  trunk:
    - MSAL

EXTERNAL SOURCES:
  Flutter:
    :path: Flutter
  msal_flutter:
    :path: ".symlinks/plugins/msal_flutter/ios"

SPEC CHECKSUMS:
  Flutter: 434fef37c0980e73bb6479ef766c45957d4b510c
  MSAL: 351711995bd31170a2e887941115a3ed17b178e8
  msal_flutter: 72ba12187cce21c6a39282189431964c71033c80

PODFILE CHECKSUM: fc81e398f362bae88bdf55239bd5cf842faad39f

COCOAPODS: 1.10.1
