PODS:
  - Flutter (1.0.0)
  - MSAL (1.0.7):
    - MSAL/app-lib (= 1.0.7)
  - MSAL/app-lib (1.0.7)
  - msal_flutter (1.0.0):
    - Flutter
    - MSAL (~> 1.0.7)

DEPENDENCIES:
  - Flutter (from `Flutter`)
  - msal_flutter (from `.symlinks/plugins/msal_flutter/ios`)

SPEC REPOS:
  trunk:
    - MSAL

EXTERNAL SOURCES:
  Flutter:
    :path: Flutter
  msal_flutter:
    :path: ".symlinks/plugins/msal_flutter/ios"

SPEC CHECKSUMS:
  Flutter: 434fef37c0980e73bb6479ef766c45957d4b510c
  MSAL: e4c1cbcf59e04073b427ce9fbfc0346b54abb62e
  msal_flutter: 36047787effd99bf89a2e198938eed359415baa5

PODFILE CHECKSUM: fc81e398f362bae88bdf55239bd5cf842faad39f

COCOAPODS: 1.10.1
